// !$*UTF8*$!
{
	archiveVersion = 1;
	classes = {
	};
	objectVersion = 46;
	objects = {

/* Begin PBXBuildFile section */
		089F48341B36225600BCCEF8 /* AppDelegate.swift in Sources */ = {isa = PBXBuildFile; fileRef = 089F48331B36225600BCCEF8 /* AppDelegate.swift */; };
		089F48361B36225600BCCEF8 /* ViewController.swift in Sources */ = {isa = PBXBuildFile; fileRef = 089F48351B36225600BCCEF8 /* ViewController.swift */; };
		089F48391B36225600BCCEF8 /* Main.storyboard in Resources */ = {isa = PBXBuildFile; fileRef = 089F48371B36225600BCCEF8 /* Main.storyboard */; };
		089F483B1B36225600BCCEF8 /* Images.xcassets in Resources */ = {isa = PBXBuildFile; fileRef = 089F483A1B36225600BCCEF8 /* Images.xcassets */; };
		089F483E1B36225600BCCEF8 /* LaunchScreen.xib in Resources */ = {isa = PBXBuildFile; fileRef = 089F483C1B36225600BCCEF8 /* LaunchScreen.xib */; };
		089F484A1B36225600BCCEF8 /* Cat_YearsTests.swift in Sources */ = {isa = PBXBuildFile; fileRef = 089F48491B36225600BCCEF8 /* Cat_YearsTests.swift */; };
/* End PBXBuildFile section */

/* Begin PBXContainerItemProxy section */
		089F48441B36225600BCCEF8 /* PBXContainerItemProxy */ = {
			isa = PBXContainerItemProxy;
			containerPortal = 089F48261B36225600BCCEF8 /* Project object */;
			proxyType = 1;
			remoteGlobalIDString = 089F482D1B36225600BCCEF8;
			remoteInfo = "Cat Years";
		};
/* End PBXContainerItemProxy section */

/* Begin PBXFileReference section */
		089F482E1B36225600BCCEF8 /* Cat Years.app */ = {isa = PBXFileReference; explicitFileType = wrapper.application; includeInIndex = 0; path = "Cat Years.app"; sourceTree = BUILT_PRODUCTS_DIR; };
		089F48321B36225600BCCEF8 /* Info.plist */ = {isa = PBXFileReference; lastKnownFileType = text.plist.xml; path = Info.plist; sourceTree = "<group>"; };
		089F48331B36225600BCCEF8 /* AppDelegate.swift */ = {isa = PBXFileReference; lastKnownFileType = sourcecode.swift; path = AppDelegate.swift; sourceTree = "<group>"; };
		089F48351B36225600BCCEF8 /* ViewController.swift */ = {isa = PBXFileReference; lastKnownFileType = sourcecode.swift; path = ViewController.swift; sourceTree = "<group>"; };
		089F48381B36225600BCCEF8 /* Base */ = {isa = PBXFileReference; lastKnownFileType = file.storyboard; name = Base; path = Base.lproj/Main.storyboard; sourceTree = "<group>"; };
		089F483A1B36225600BCCEF8 /* Images.xcassets */ = {isa = PBXFileReference; lastKnownFileType = folder.assetcatalog; path = Images.xcassets; sourceTree = "<group>"; };
		089F483D1B36225600BCCEF8 /* Base */ = {isa = PBXFileReference; lastKnownFileType = file.xib; name = Base; path = Base.lproj/LaunchScreen.xib; sourceTree = "<group>"; };
		089F48431B36225600BCCEF8 /* Cat YearsTests.xctest */ = {isa = PBXFileReference; explicitFileType = wrapper.cfbundle; includeInIndex = 0; path = "Cat YearsTests.xctest"; sourceTree = BUILT_PRODUCTS_DIR; };
		089F48481B36225600BCCEF8 /* Info.plist */ = {isa = PBXFileReference; lastKnownFileType = text.plist.xml; path = Info.plist; sourceTree = "<group>"; };
		089F48491B36225600BCCEF8 /* Cat_YearsTests.swift */ = {isa = PBXFileReference; lastKnownFileType = sourcecode.swift; path = Cat_YearsTests.swift; sourceTree = "<group>"; };
/* End PBXFileReference section */

/* Begin PBXFrameworksBuildPhase section */
		089F482B1B36225600BCCEF8 /* Frameworks */ = {
			isa = PBXFrameworksBuildPhase;
			buildActionMask = 2147483647;
			files = (
			);
			runOnlyForDeploymentPostprocessing = 0;
		};
		089F48401B36225600BCCEF8 /* Frameworks */ = {
			isa = PBXFrameworksBuildPhase;
			buildActionMask = 2147483647;
			files = (
			);
			runOnlyForDeploymentPostprocessing = 0;
		};
/* End PBXFrameworksBuildPhase section */

/* Begin PBXGroup section */
		089F48251B36225600BCCEF8 = {
			isa = PBXGroup;
			children = (
				089F48301B36225600BCCEF8 /* Cat Years */,
				089F48461B36225600BCCEF8 /* Cat YearsTests */,
				089F482F1B36225600BCCEF8 /* Products */,
			);
			sourceTree = "<group>";
		};
		089F482F1B36225600BCCEF8 /* Products */ = {
			isa = PBXGroup;
			children = (
				089F482E1B36225600BCCEF8 /* Cat Years.app */,
				089F48431B36225600BCCEF8 /* Cat YearsTests.xctest */,
			);
			name = Products;
			sourceTree = "<group>";
		};
		089F48301B36225600BCCEF8 /* Cat Years */ = {
			isa = PBXGroup;
			children = (
				089F48331B36225600BCCEF8 /* AppDelegate.swift */,
				089F48351B36225600BCCEF8 /* ViewController.swift */,
				089F48371B36225600BCCEF8 /* Main.storyboard */,
				089F483A1B36225600BCCEF8 /* Images.xcassets */,
				089F483C1B36225600BCCEF8 /* LaunchScreen.xib */,
				089F48311B36225600BCCEF8 /* Supporting Files */,
			);
			path = "Cat Years";
			sourceTree = "<group>";
		};
		089F48311B36225600BCCEF8 /* Supporting Files */ = {
			isa = PBXGroup;
			children = (
				089F48321B36225600BCCEF8 /* Info.plist */,
			);
			name = "Supporting Files";
			sourceTree = "<group>";
		};
		089F48461B36225600BCCEF8 /* Cat YearsTests */ = {
			isa = PBXGroup;
			children = (
				089F48491B36225600BCCEF8 /* Cat_YearsTests.swift */,
				089F48471B36225600BCCEF8 /* Supporting Files */,
			);
			path = "Cat YearsTests";
			sourceTree = "<group>";
		};
		089F48471B36225600BCCEF8 /* Supporting Files */ = {
			isa = PBXGroup;
			children = (
				089F48481B36225600BCCEF8 /* Info.plist */,
			);
			name = "Supporting Files";
			sourceTree = "<group>";
		};
/* End PBXGroup section */

/* Begin PBXNativeTarget section */
		089F482D1B36225600BCCEF8 /* Cat Years */ = {
			isa = PBXNativeTarget;
			buildConfigurationList = 089F484D1B36225600BCCEF8 /* Build configuration list for PBXNativeTarget "Cat Years" */;
			buildPhases = (
				089F482A1B36225600BCCEF8 /* Sources */,
				089F482B1B36225600BCCEF8 /* Frameworks */,
				089F482C1B36225600BCCEF8 /* Resources */,
			);
			buildRules = (
			);
			dependencies = (
			);
			name = "Cat Years";
			productName = "Cat Years";
			productReference = 089F482E1B36225600BCCEF8 /* Cat Years.app */;
			productType = "com.apple.product-type.application";
		};
		089F48421B36225600BCCEF8 /* Cat YearsTests */ = {
			isa = PBXNativeTarget;
			buildConfigurationList = 089F48501B36225600BCCEF8 /* Build configuration list for PBXNativeTarget "Cat YearsTests" */;
			buildPhases = (
				089F483F1B36225600BCCEF8 /* Sources */,
				089F48401B36225600BCCEF8 /* Frameworks */,
				089F48411B36225600BCCEF8 /* Resources */,
			);
			buildRules = (
			);
			dependencies = (
				089F48451B36225600BCCEF8 /* PBXTargetDependency */,
			);
			name = "Cat YearsTests";
			productName = "Cat YearsTests";
			productReference = 089F48431B36225600BCCEF8 /* Cat YearsTests.xctest */;
			productType = "com.apple.product-type.bundle.unit-test";
		};
/* End PBXNativeTarget section */

/* Begin PBXProject section */
		089F48261B36225600BCCEF8 /* Project object */ = {
			isa = PBXProject;
			attributes = {
				LastUpgradeCheck = 0610;
				ORGANIZATIONNAME = yaya;
				TargetAttributes = {
					089F482D1B36225600BCCEF8 = {
						CreatedOnToolsVersion = 6.1.1;
					};
					089F48421B36225600BCCEF8 = {
						CreatedOnToolsVersion = 6.1.1;
						TestTargetID = 089F482D1B36225600BCCEF8;
					};
				};
			};
			buildConfigurationList = 089F48291B36225600BCCEF8 /* Build configuration list for PBXProject "Cat Years" */;
			compatibilityVersion = "Xcode 3.2";
			developmentRegion = English;
			hasScannedForEncodings = 0;
			knownRegions = (
				en,
				Base,
			);
			mainGroup = 089F48251B36225600BCCEF8;
			productRefGroup = 089F482F1B36225600BCCEF8 /* Products */;
			projectDirPath = "";
			projectRoot = "";
			targets = (
				089F482D1B36225600BCCEF8 /* Cat Years */,
				089F48421B36225600BCCEF8 /* Cat YearsTests */,
			);
		};
/* End PBXProject section */

/* Begin PBXResourcesBuildPhase section */
		089F482C1B36225600BCCEF8 /* Resources */ = {
			isa = PBXResourcesBuildPhase;
			buildActionMask = 2147483647;
			files = (
				089F48391B36225600BCCEF8 /* Main.storyboard in Resources */,
				089F483E1B36225600BCCEF8 /* LaunchScreen.xib in Resources */,
				089F483B1B36225600BCCEF8 /* Images.xcassets in Resources */,
			);
			runOnlyForDeploymentPostprocessing = 0;
		};
		089F48411B36225600BCCEF8 /* Resources */ = {
			isa = PBXResourcesBuildPhase;
			buildActionMask = 2147483647;
			files = (
			);
			runOnlyForDeploymentPostprocessing = 0;
		};
/* End PBXResourcesBuildPhase section */

/* Begin PBXSourcesBuildPhase section */
		089F482A1B36225600BCCEF8 /* Sources */ = {
			isa = PBXSourcesBuildPhase;
			buildActionMask = 2147483647;
			files = (
				089F48361B36225600BCCEF8 /* ViewController.swift in Sources */,
				089F48341B36225600BCCEF8 /* AppDelegate.swift in Sources */,
			);
			runOnlyForDeploymentPostprocessing = 0;
		};
		089F483F1B36225600BCCEF8 /* Sources */ = {
			isa = PBXSourcesBuildPhase;
			buildActionMask = 2147483647;
			files = (
				089F484A1B36225600BCCEF8 /* Cat_YearsTests.swift in Sources */,
			);
			runOnlyForDeploymentPostprocessing = 0;
		};
/* End PBXSourcesBuildPhase section */

/* Begin PBXTargetDependency section */
		089F48451B36225600BCCEF8 /* PBXTargetDependency */ = {
			isa = PBXTargetDependency;
			target = 089F482D1B36225600BCCEF8 /* Cat Years */;
			targetProxy = 089F48441B36225600BCCEF8 /* PBXContainerItemProxy */;
		};
/* End PBXTargetDependency section */

/* Begin PBXVariantGroup section */
		089F48371B36225600BCCEF8 /* Main.storyboard */ = {
			isa = PBXVariantGroup;
			children = (
				089F48381B36225600BCCEF8 /* Base */,
			);
			name = Main.storyboard;
			sourceTree = "<group>";
		};
		089F483C1B36225600BCCEF8 /* LaunchScreen.xib */ = {
			isa = PBXVariantGroup;
			children = (
				089F483D1B36225600BCCEF8 /* Base */,
			);
			name = LaunchScreen.xib;
			sourceTree = "<group>";
		};
/* End PBXVariantGroup section */

/* Begin XCBuildConfiguration section */
		089F484B1B36225600BCCEF8 /* Debug */ = {
			isa = XCBuildConfiguration;
			buildSettings = {
				ALWAYS_SEARCH_USER_PATHS = NO;
				CLANG_CXX_LANGUAGE_STANDARD = "gnu++0x";
				CLANG_CXX_LIBRARY = "libc++";
				CLANG_ENABLE_MODULES = YES;
				CLANG_ENABLE_OBJC_ARC = YES;
				CLANG_WARN_BOOL_CONVERSION = YES;
				CLANG_WARN_CONSTANT_CONVERSION = YES;
				CLANG_WARN_DIRECT_OBJC_ISA_USAGE = YES_ERROR;
				CLANG_WARN_EMPTY_BODY = YES;
				CLANG_WARN_ENUM_CONVERSION = YES;
				CLANG_WARN_INT_CONVERSION = YES;
				CLANG_WARN_OBJC_ROOT_CLASS = YES_ERROR;
				CLANG_WARN_UNREACHABLE_CODE = YES;
				CLANG_WARN__DUPLICATE_METHOD_MATCH = YES;
				"CODE_SIGN_IDENTITY[sdk=iphoneos*]" = "iPhone Developer";
				COPY_PHASE_STRIP = NO;
				ENABLE_STRICT_OBJC_MSGSEND = YES;
				GCC_C_LANGUAGE_STANDARD = gnu99;
				GCC_DYNAMIC_NO_PIC = NO;
				GCC_OPTIMIZATION_LEVEL = 0;
				GCC_PREPROCESSOR_DEFINITIONS = (
					"DEBUG=1",
					"$(inherited)",
				);
				GCC_SYMBOLS_PRIVATE_EXTERN = NO;
				GCC_WARN_64_TO_32_BIT_CONVERSION = YES;
				GCC_WARN_ABOUT_RETURN_TYPE = YES_ERROR;
				GCC_WARN_UNDECLARED_SELECTOR = YES;
				GCC_WARN_UNINITIALIZED_AUTOS = YES_AGGRESSIVE;
				GCC_WARN_UNUSED_FUNCTION = YES;
				GCC_WARN_UNUSED_VARIABLE = YES;
				IPHONEOS_DEPLOYMENT_TARGET = 8.1;
				MTL_ENABLE_DEBUG_INFO = YES;
				ONLY_ACTIVE_ARCH = YES;
				SDKROOT = iphoneos;
				SWIFT_OPTIMIZATION_LEVEL = "-Onone";
			};
			name = Debug;
		};
		089F484C1B36225600BCCEF8 /* Release */ = {
			isa = XCBuildConfiguration;
			buildSettings = {
				ALWAYS_SEARCH_USER_PATHS = NO;
				CLANG_CXX_LANGUAGE_STANDARD = "gnu++0x";
				CLANG_CXX_LIBRARY = "libc++";
				CLANG_ENABLE_MODULES = YES;
				CLANG_ENABLE_OBJC_ARC = YES;
				CLANG_WARN_BOOL_CONVERSION = YES;
				CLANG_WARN_CONSTANT_CONVERSION = YES;
				CLANG_WARN_DIRECT_OBJC_ISA_USAGE = YES_ERROR;
				CLANG_WARN_EMPTY_BODY = YES;
				CLANG_WARN_ENUM_CONVERSION = YES;
				CLANG_WARN_INT_CONVERSION = YES;
				CLANG_WARN_OBJC_ROOT_CLASS = YES_ERROR;
				CLANG_WARN_UNREACHABLE_CODE = YES;
				CLANG_WARN__DUPLICATE_METHOD_MATCH = YES;
				"CODE_SIGN_IDENTITY[sdk=iphoneos*]" = "iPhone Developer";
				COPY_PHASE_STRIP = YES;
				ENABLE_NS_ASSERTIONS = NO;
				ENABLE_STRICT_OBJC_MSGSEND = YES;
				GCC_C_LANGUAGE_STANDARD = gnu99;
				GCC_WARN_64_TO_32_BIT_CONVERSION = YES;
				GCC_WARN_ABOUT_RETURN_TYPE = YES_ERROR;
				GCC_WARN_UNDECLARED_SELECTOR = YES;
				GCC_WARN_UNINITIALIZED_AUTOS = YES_AGGRESSIVE;
				GCC_WARN_UNUSED_FUNCTION = YES;
				GCC_WARN_UNUSED_VARIABLE = YES;
				IPHONEOS_DEPLOYMENT_TARGET = 8.1;
				MTL_ENABLE_DEBUG_INFO = NO;
				SDKROOT = iphoneos;
				VALIDATE_PRODUCT = YES;
			};
			name = Release;
		};
		089F484E1B36225600BCCEF8 /* Debug */ = {
			isa = XCBuildConfiguration;
			buildSettings = {
				ASSETCATALOG_COMPILER_APPICON_NAME = AppIcon;
				INFOPLIST_FILE = "Cat Years/Info.plist";
				LD_RUNPATH_SEARCH_PATHS = "$(inherited) @executable_path/Frameworks";
				PRODUCT_NAME = "$(TARGET_NAME)";
			};
			name = Debug;
		};
		089F484F1B36225600BCCEF8 /* Release */ = {
			isa = XCBuildConfiguration;
			buildSettings = {
				ASSETCATALOG_COMPILER_APPICON_NAME = AppIcon;
				INFOPLIST_FILE = "Cat Years/Info.plist";
				LD_RUNPATH_SEARCH_PATHS = "$(inherited) @executable_path/Frameworks";
				PRODUCT_NAME = "$(TARGET_NAME)";
			};
			name = Release;
		};
		089F48511B36225600BCCEF8 /* Debug */ = {
			isa = XCBuildConfiguration;
			buildSettings = {
				BUNDLE_LOADER = "$(TEST_HOST)";
				FRAMEWORK_SEARCH_PATHS = (
					"$(SDKROOT)/Developer/Library/Frameworks",
					"$(inherited)",
				);
				GCC_PREPROCESSOR_DEFINITIONS = (
					"DEBUG=1",
					"$(inherited)",
				);
				INFOPLIST_FILE = "Cat YearsTests/Info.plist";
				LD_RUNPATH_SEARCH_PATHS = "$(inherited) @executable_path/Frameworks @loader_path/Frameworks";
				PRODUCT_NAME = "$(TARGET_NAME)";
				TEST_HOST = "$(BUILT_PRODUCTS_DIR)/Cat Years.app/Cat Years";
			};
			name = Debug;
		};
		089F48521B36225600BCCEF8 /* Release */ = {
			isa = XCBuildConfiguration;
			buildSettings = {
				BUNDLE_LOADER = "$(TEST_HOST)";
				FRAMEWORK_SEARCH_PATHS = (
					"$(SDKROOT)/Developer/Library/Frameworks",
					"$(inherited)",
				);
				INFOPLIST_FILE = "Cat YearsTests/Info.plist";
				LD_RUNPATH_SEARCH_PATHS = "$(inherited) @executable_path/Frameworks @loader_path/Frameworks";
				PRODUCT_NAME = "$(TARGET_NAME)";
				TEST_HOST = "$(BUILT_PRODUCTS_DIR)/Cat Years.app/Cat Years";
			};
			name = Release;
		};
/* End XCBuildConfiguration section */

/* Begin XCConfigurationList section */
		089F48291B36225600BCCEF8 /* Build configuration list for PBXProject "Cat Years" */ = {
			isa = XCConfigurationList;
			buildConfigurations = (
				089F484B1B36225600BCCEF8 /* Debug */,
				089F484C1B36225600BCCEF8 /* Release */,
			);
			defaultConfigurationIsVisible = 0;
			defaultConfigurationName = Release;
		};
		089F484D1B36225600BCCEF8 /* Build configuration list for PBXNativeTarget "Cat Years" */ = {
			isa = XCConfigurationList;
			buildConfigurations = (
				089F484E1B36225600BCCEF8 /* Debug */,
				089F484F1B36225600BCCEF8 /* Release */,
			);
			defaultConfigurationIsVisible = 0;
		};
		089F48501B36225600BCCEF8 /* Build configuration list for PBXNativeTarget "Cat YearsTests" */ = {
			isa = XCConfigurationList;
			buildConfigurations = (
				089F48511B36225600BCCEF8 /* Debug */,
				089F48521B36225600BCCEF8 /* Release */,
			);
			defaultConfigurationIsVisible = 0;
		};
/* End XCConfigurationList section */
	};
	rootObject = 089F48261B36225600BCCEF8 /* Project object */;
}
